
Microsoft Visual Studio Solution File, Format Version 12.00
# Visual Studio Version 16
VisualStudioVersion = 16.0.30320.27
MinimumVisualStudioVersion = 10.0.40219.1
Project("{9A19103F-16F7-4668-BE54-9A1E7A4F7556}") = "OnlineLibrary.Web", "OnlineLibrary.Web\OnlineLibrary.Web.csproj", "{C299CD26-F7D9-4449-BDCC-FF94453F1388}"
EndProject
Project("{9A19103F-16F7-4668-BE54-9A1E7A4F7556}") = "OnlineLibrary.Data.EF", "OnlineLibrary.Data.EF\OnlineLibrary.Data.EF.csproj", "{9F0BD05E-C072-44B8-BF14-FC4186AD74E6}"
EndProject
Global
	GlobalSection(SolutionConfigurationPlatforms) = preSolution
		Debug|Any CPU = Debug|Any CPU
		Release|Any CPU = Release|Any CPU
	EndGlobalSection
	GlobalSection(ProjectConfigurationPlatforms) = postSolution
		{C299CD26-F7D9-4449-BDCC-FF94453F1388}.Debug|Any CPU.ActiveCfg = Debug|Any CPU
		{C299CD26-F7D9-4449-BDCC-FF94453F1388}.Debug|Any CPU.Build.0 = Debug|Any CPU
		{C299CD26-F7D9-4449-BDCC-FF94453F1388}.Release|Any CPU.ActiveCfg = Release|Any CPU
		{C299CD26-F7D9-4449-BDCC-FF94453F1388}.Release|Any CPU.Build.0 = Release|Any CPU
		{9F0BD05E-C072-44B8-BF14-FC4186AD74E6}.Debug|Any CPU.ActiveCfg = Debug|Any CPU
		{9F0BD05E-C072-44B8-BF14-FC4186AD74E6}.Debug|Any CPU.Build.0 = Debug|Any CPU
		{9F0BD05E-C072-44B8-BF14-FC4186AD74E6}.Release|Any CPU.ActiveCfg = Release|Any CPU
		{9F0BD05E-C072-44B8-BF14-FC4186AD74E6}.Release|Any CPU.Build.0 = Release|Any CPU
	EndGlobalSection
	GlobalSection(SolutionProperties) = preSolution
		HideSolutionNode = FALSE
	EndGlobalSection
	GlobalSection(ExtensibilityGlobals) = postSolution
		SolutionGuid = {0999E890-411E-4201-B8D6-CFBF48CC87DC}
	EndGlobalSection
EndGlobal
